// !$*UTF8*$!
{
	archiveVersion = 1;
	classes = {
	};
	objectVersion = 56;
	objects = {

/* Begin PBXBuildFile section */
		043A0A732902F4E900DE6912 /* CalendarView.swift in Sources */ = {isa = PBXBuildFile; fileRef = 043A0A722902F4E900DE6912 /* CalendarView.swift */; };
		043A0A752902F50000DE6912 /* MoodView.swift in Sources */ = {isa = PBXBuildFile; fileRef = 043A0A742902F50000DE6912 /* MoodView.swift */; };
		04AF05D82903DB5D003A9A27 /* CardView.swift in Sources */ = {isa = PBXBuildFile; fileRef = 04AF05D72903DB5D003A9A27 /* CardView.swift */; };
		04AF05DA2903DBCF003A9A27 /* SheetView.swift in Sources */ = {isa = PBXBuildFile; fileRef = 04AF05D92903DBCF003A9A27 /* SheetView.swift */; };
		04AF05DC2903EA0B003A9A27 /* ImagePickerAndPhotoView.swift in Sources */ = {isa = PBXBuildFile; fileRef = 04AF05DB2903EA0B003A9A27 /* ImagePickerAndPhotoView.swift */; };
		04AF05DE2903FD1E003A9A27 /* PhotoPickerView.swift in Sources */ = {isa = PBXBuildFile; fileRef = 04AF05DD2903FD1E003A9A27 /* PhotoPickerView.swift */; };
		04AF05E02903FD69003A9A27 /* CardModel.swift in Sources */ = {isa = PBXBuildFile; fileRef = 04AF05DF2903FD69003A9A27 /* CardModel.swift */; };
		04E5EAB828FD404F00A1D878 /* TestApp2App.swift in Sources */ = {isa = PBXBuildFile; fileRef = 04E5EAB728FD404F00A1D878 /* TestApp2App.swift */; };
		04E5EABA28FD404F00A1D878 /* MainView.swift in Sources */ = {isa = PBXBuildFile; fileRef = 04E5EAB928FD404F00A1D878 /* MainView.swift */; };
		04E5EABC28FD405000A1D878 /* Assets.xcassets in Resources */ = {isa = PBXBuildFile; fileRef = 04E5EABB28FD405000A1D878 /* Assets.xcassets */; };
		04E5EABF28FD405000A1D878 /* Preview Assets.xcassets in Resources */ = {isa = PBXBuildFile; fileRef = 04E5EABE28FD405000A1D878 /* Preview Assets.xcassets */; };
		04E5EAC928FD405000A1D878 /* TestApp2Tests.swift in Sources */ = {isa = PBXBuildFile; fileRef = 04E5EAC828FD405000A1D878 /* TestApp2Tests.swift */; };
		04E5EAD328FD405000A1D878 /* TestApp2UITests.swift in Sources */ = {isa = PBXBuildFile; fileRef = 04E5EAD228FD405000A1D878 /* TestApp2UITests.swift */; };
		04E5EAD528FD405000A1D878 /* TestApp2UITestsLaunchTests.swift in Sources */ = {isa = PBXBuildFile; fileRef = 04E5EAD428FD405000A1D878 /* TestApp2UITestsLaunchTests.swift */; };
/* End PBXBuildFile section */

/* Begin PBXContainerItemProxy section */
		04E5EAC528FD405000A1D878 /* PBXContainerItemProxy */ = {
			isa = PBXContainerItemProxy;
			containerPortal = 04E5EAAC28FD404F00A1D878 /* Project object */;
			proxyType = 1;
			remoteGlobalIDString = 04E5EAB328FD404F00A1D878;
			remoteInfo = TestApp2;
		};
		04E5EACF28FD405000A1D878 /* PBXContainerItemProxy */ = {
			isa = PBXContainerItemProxy;
			containerPortal = 04E5EAAC28FD404F00A1D878 /* Project object */;
			proxyType = 1;
			remoteGlobalIDString = 04E5EAB328FD404F00A1D878;
			remoteInfo = TestApp2;
		};
/* End PBXContainerItemProxy section */

/* Begin PBXFileReference section */
		043A0A722902F4E900DE6912 /* CalendarView.swift */ = {isa = PBXFileReference; lastKnownFileType = sourcecode.swift; path = CalendarView.swift; sourceTree = "<group>"; };
		043A0A742902F50000DE6912 /* MoodView.swift */ = {isa = PBXFileReference; lastKnownFileType = sourcecode.swift; path = MoodView.swift; sourceTree = "<group>"; };
		04AF05D72903DB5D003A9A27 /* CardView.swift */ = {isa = PBXFileReference; lastKnownFileType = sourcecode.swift; path = CardView.swift; sourceTree = "<group>"; };
		04AF05D92903DBCF003A9A27 /* SheetView.swift */ = {isa = PBXFileReference; lastKnownFileType = sourcecode.swift; path = SheetView.swift; sourceTree = "<group>"; };
		04AF05DB2903EA0B003A9A27 /* ImagePickerAndPhotoView.swift */ = {isa = PBXFileReference; lastKnownFileType = sourcecode.swift; path = ImagePickerAndPhotoView.swift; sourceTree = "<group>"; };
		04AF05DD2903FD1E003A9A27 /* PhotoPickerView.swift */ = {isa = PBXFileReference; lastKnownFileType = sourcecode.swift; path = PhotoPickerView.swift; sourceTree = "<group>"; };
		04AF05DF2903FD69003A9A27 /* CardModel.swift */ = {isa = PBXFileReference; lastKnownFileType = sourcecode.swift; path = CardModel.swift; sourceTree = "<group>"; };
		04E5EAB428FD404F00A1D878 /* TestApp2.app */ = {isa = PBXFileReference; explicitFileType = wrapper.application; includeInIndex = 0; path = TestApp2.app; sourceTree = BUILT_PRODUCTS_DIR; };
		04E5EAB728FD404F00A1D878 /* TestApp2App.swift */ = {isa = PBXFileReference; lastKnownFileType = sourcecode.swift; path = TestApp2App.swift; sourceTree = "<group>"; };
		04E5EAB928FD404F00A1D878 /* MainView.swift */ = {isa = PBXFileReference; lastKnownFileType = sourcecode.swift; path = MainView.swift; sourceTree = "<group>"; };
		04E5EABB28FD405000A1D878 /* Assets.xcassets */ = {isa = PBXFileReference; lastKnownFileType = folder.assetcatalog; path = Assets.xcassets; sourceTree = "<group>"; };
		04E5EABE28FD405000A1D878 /* Preview Assets.xcassets */ = {isa = PBXFileReference; lastKnownFileType = folder.assetcatalog; path = "Preview Assets.xcassets"; sourceTree = "<group>"; };
		04E5EAC428FD405000A1D878 /* TestApp2Tests.xctest */ = {isa = PBXFileReference; explicitFileType = wrapper.cfbundle; includeInIndex = 0; path = TestApp2Tests.xctest; sourceTree = BUILT_PRODUCTS_DIR; };
		04E5EAC828FD405000A1D878 /* TestApp2Tests.swift */ = {isa = PBXFileReference; lastKnownFileType = sourcecode.swift; path = TestApp2Tests.swift; sourceTree = "<group>"; };
		04E5EACE28FD405000A1D878 /* TestApp2UITests.xctest */ = {isa = PBXFileReference; explicitFileType = wrapper.cfbundle; includeInIndex = 0; path = TestApp2UITests.xctest; sourceTree = BUILT_PRODUCTS_DIR; };
		04E5EAD228FD405000A1D878 /* TestApp2UITests.swift */ = {isa = PBXFileReference; lastKnownFileType = sourcecode.swift; path = TestApp2UITests.swift; sourceTree = "<group>"; };
		04E5EAD428FD405000A1D878 /* TestApp2UITestsLaunchTests.swift */ = {isa = PBXFileReference; lastKnownFileType = sourcecode.swift; path = TestApp2UITestsLaunchTests.swift; sourceTree = "<group>"; };
/* End PBXFileReference section */

/* Begin PBXFrameworksBuildPhase section */
		04E5EAB128FD404F00A1D878 /* Frameworks */ = {
			isa = PBXFrameworksBuildPhase;
			buildActionMask = 2147483647;
			files = (
			);
			runOnlyForDeploymentPostprocessing = 0;
		};
		04E5EAC128FD405000A1D878 /* Frameworks */ = {
			isa = PBXFrameworksBuildPhase;
			buildActionMask = 2147483647;
			files = (
			);
			runOnlyForDeploymentPostprocessing = 0;
		};
		04E5EACB28FD405000A1D878 /* Frameworks */ = {
			isa = PBXFrameworksBuildPhase;
			buildActionMask = 2147483647;
			files = (
			);
			runOnlyForDeploymentPostprocessing = 0;
		};
/* End PBXFrameworksBuildPhase section */

/* Begin PBXGroup section */
		04359D6029018560002D1AE4 /* Models */ = {
			isa = PBXGroup;
			children = (
				04AF05DF2903FD69003A9A27 /* CardModel.swift */,
			);
			path = Models;
			sourceTree = "<group>";
		};
		04359D6129018569002D1AE4 /* Views */ = {
			isa = PBXGroup;
			children = (
				04E5EAB928FD404F00A1D878 /* MainView.swift */,
				043A0A722902F4E900DE6912 /* CalendarView.swift */,
				043A0A742902F50000DE6912 /* MoodView.swift */,
				04AF05D72903DB5D003A9A27 /* CardView.swift */,
				04AF05D92903DBCF003A9A27 /* SheetView.swift */,
				04AF05DB2903EA0B003A9A27 /* ImagePickerAndPhotoView.swift */,
				04AF05DD2903FD1E003A9A27 /* PhotoPickerView.swift */,
			);
			path = Views;
			sourceTree = "<group>";
		};
		043A0A762902F50700DE6912 /* ViewModel */ = {
			isa = PBXGroup;
			children = (
			);
			path = ViewModel;
			sourceTree = "<group>";
		};
		04E5EAAB28FD404F00A1D878 = {
			isa = PBXGroup;
			children = (
				04E5EAB628FD404F00A1D878 /* TestApp2 */,
				04E5EAC728FD405000A1D878 /* TestApp2Tests */,
				04E5EAD128FD405000A1D878 /* TestApp2UITests */,
				04E5EAB528FD404F00A1D878 /* Products */,
			);
			sourceTree = "<group>";
		};
		04E5EAB528FD404F00A1D878 /* Products */ = {
			isa = PBXGroup;
			children = (
				04E5EAB428FD404F00A1D878 /* TestApp2.app */,
				04E5EAC428FD405000A1D878 /* TestApp2Tests.xctest */,
				04E5EACE28FD405000A1D878 /* TestApp2UITests.xctest */,
			);
			name = Products;
			sourceTree = "<group>";
		};
		04E5EAB628FD404F00A1D878 /* TestApp2 */ = {
			isa = PBXGroup;
			children = (
				043A0A762902F50700DE6912 /* ViewModel */,
				04359D6129018569002D1AE4 /* Views */,
				04359D6029018560002D1AE4 /* Models */,
				04E5EAB728FD404F00A1D878 /* TestApp2App.swift */,
				04E5EABB28FD405000A1D878 /* Assets.xcassets */,
				04E5EABD28FD405000A1D878 /* Preview Content */,
			);
			path = TestApp2;
			sourceTree = "<group>";
		};
		04E5EABD28FD405000A1D878 /* Preview Content */ = {
			isa = PBXGroup;
			children = (
				04E5EABE28FD405000A1D878 /* Preview Assets.xcassets */,
			);
			path = "Preview Content";
			sourceTree = "<group>";
		};
		04E5EAC728FD405000A1D878 /* TestApp2Tests */ = {
			isa = PBXGroup;
			children = (
				04E5EAC828FD405000A1D878 /* TestApp2Tests.swift */,
			);
			path = TestApp2Tests;
			sourceTree = "<group>";
		};
		04E5EAD128FD405000A1D878 /* TestApp2UITests */ = {
			isa = PBXGroup;
			children = (
				04E5EAD228FD405000A1D878 /* TestApp2UITests.swift */,
				04E5EAD428FD405000A1D878 /* TestApp2UITestsLaunchTests.swift */,
			);
			path = TestApp2UITests;
			sourceTree = "<group>";
		};
/* End PBXGroup section */

/* Begin PBXNativeTarget section */
		04E5EAB328FD404F00A1D878 /* TestApp2 */ = {
			isa = PBXNativeTarget;
			buildConfigurationList = 04E5EAD828FD405000A1D878 /* Build configuration list for PBXNativeTarget "TestApp2" */;
			buildPhases = (
				04E5EAB028FD404F00A1D878 /* Sources */,
				04E5EAB128FD404F00A1D878 /* Frameworks */,
				04E5EAB228FD404F00A1D878 /* Resources */,
			);
			buildRules = (
			);
			dependencies = (
			);
			name = TestApp2;
			productName = TestApp2;
			productReference = 04E5EAB428FD404F00A1D878 /* TestApp2.app */;
			productType = "com.apple.product-type.application";
		};
		04E5EAC328FD405000A1D878 /* TestApp2Tests */ = {
			isa = PBXNativeTarget;
			buildConfigurationList = 04E5EADB28FD405000A1D878 /* Build configuration list for PBXNativeTarget "TestApp2Tests" */;
			buildPhases = (
				04E5EAC028FD405000A1D878 /* Sources */,
				04E5EAC128FD405000A1D878 /* Frameworks */,
				04E5EAC228FD405000A1D878 /* Resources */,
			);
			buildRules = (
			);
			dependencies = (
				04E5EAC628FD405000A1D878 /* PBXTargetDependency */,
			);
			name = TestApp2Tests;
			productName = TestApp2Tests;
			productReference = 04E5EAC428FD405000A1D878 /* TestApp2Tests.xctest */;
			productType = "com.apple.product-type.bundle.unit-test";
		};
		04E5EACD28FD405000A1D878 /* TestApp2UITests */ = {
			isa = PBXNativeTarget;
			buildConfigurationList = 04E5EADE28FD405000A1D878 /* Build configuration list for PBXNativeTarget "TestApp2UITests" */;
			buildPhases = (
				04E5EACA28FD405000A1D878 /* Sources */,
				04E5EACB28FD405000A1D878 /* Frameworks */,
				04E5EACC28FD405000A1D878 /* Resources */,
			);
			buildRules = (
			);
			dependencies = (
				04E5EAD028FD405000A1D878 /* PBXTargetDependency */,
			);
			name = TestApp2UITests;
			productName = TestApp2UITests;
			productReference = 04E5EACE28FD405000A1D878 /* TestApp2UITests.xctest */;
			productType = "com.apple.product-type.bundle.ui-testing";
		};
/* End PBXNativeTarget section */

/* Begin PBXProject section */
		04E5EAAC28FD404F00A1D878 /* Project object */ = {
			isa = PBXProject;
			attributes = {
				BuildIndependentTargetsInParallel = 1;
				LastSwiftUpdateCheck = 1400;
				LastUpgradeCheck = 1400;
				TargetAttributes = {
					04E5EAB328FD404F00A1D878 = {
						CreatedOnToolsVersion = 14.0.1;
					};
					04E5EAC328FD405000A1D878 = {
						CreatedOnToolsVersion = 14.0.1;
						TestTargetID = 04E5EAB328FD404F00A1D878;
					};
					04E5EACD28FD405000A1D878 = {
						CreatedOnToolsVersion = 14.0.1;
						TestTargetID = 04E5EAB328FD404F00A1D878;
					};
				};
			};
			buildConfigurationList = 04E5EAAF28FD404F00A1D878 /* Build configuration list for PBXProject "TestApp2" */;
			compatibilityVersion = "Xcode 14.0";
			developmentRegion = en;
			hasScannedForEncodings = 0;
			knownRegions = (
				en,
				Base,
			);
			mainGroup = 04E5EAAB28FD404F00A1D878;
			productRefGroup = 04E5EAB528FD404F00A1D878 /* Products */;
			projectDirPath = "";
			projectRoot = "";
			targets = (
				04E5EAB328FD404F00A1D878 /* TestApp2 */,
				04E5EAC328FD405000A1D878 /* TestApp2Tests */,
				04E5EACD28FD405000A1D878 /* TestApp2UITests */,
			);
		};
/* End PBXProject section */

/* Begin PBXResourcesBuildPhase section */
		04E5EAB228FD404F00A1D878 /* Resources */ = {
			isa = PBXResourcesBuildPhase;
			buildActionMask = 2147483647;
			files = (
				04E5EABF28FD405000A1D878 /* Preview Assets.xcassets in Resources */,
				04E5EABC28FD405000A1D878 /* Assets.xcassets in Resources */,
			);
			runOnlyForDeploymentPostprocessing = 0;
		};
		04E5EAC228FD405000A1D878 /* Resources */ = {
			isa = PBXResourcesBuildPhase;
			buildActionMask = 2147483647;
			files = (
			);
			runOnlyForDeploymentPostprocessing = 0;
		};
		04E5EACC28FD405000A1D878 /* Resources */ = {
			isa = PBXResourcesBuildPhase;
			buildActionMask = 2147483647;
			files = (
			);
			runOnlyForDeploymentPostprocessing = 0;
		};
/* End PBXResourcesBuildPhase section */

/* Begin PBXSourcesBuildPhase section */
		04E5EAB028FD404F00A1D878 /* Sources */ = {
			isa = PBXSourcesBuildPhase;
			buildActionMask = 2147483647;
			files = (
				04AF05DC2903EA0B003A9A27 /* ImagePickerAndPhotoView.swift in Sources */,
				04AF05D82903DB5D003A9A27 /* CardView.swift in Sources */,
				04E5EABA28FD404F00A1D878 /* MainView.swift in Sources */,
				04AF05DE2903FD1E003A9A27 /* PhotoPickerView.swift in Sources */,
				04E5EAB828FD404F00A1D878 /* TestApp2App.swift in Sources */,
				04AF05E02903FD69003A9A27 /* CardModel.swift in Sources */,
				043A0A732902F4E900DE6912 /* CalendarView.swift in Sources */,
				04AF05DA2903DBCF003A9A27 /* SheetView.swift in Sources */,
				043A0A752902F50000DE6912 /* MoodView.swift in Sources */,
			);
			runOnlyForDeploymentPostprocessing = 0;
		};
		04E5EAC028FD405000A1D878 /* Sources */ = {
			isa = PBXSourcesBuildPhase;
			buildActionMask = 2147483647;
			files = (
				04E5EAC928FD405000A1D878 /* TestApp2Tests.swift in Sources */,
			);
			runOnlyForDeploymentPostprocessing = 0;
		};
		04E5EACA28FD405000A1D878 /* Sources */ = {
			isa = PBXSourcesBuildPhase;
			buildActionMask = 2147483647;
			files = (
				04E5EAD528FD405000A1D878 /* TestApp2UITestsLaunchTests.swift in Sources */,
				04E5EAD328FD405000A1D878 /* TestApp2UITests.swift in Sources */,
			);
			runOnlyForDeploymentPostprocessing = 0;
		};
/* End PBXSourcesBuildPhase section */

/* Begin PBXTargetDependency section */
		04E5EAC628FD405000A1D878 /* PBXTargetDependency */ = {
			isa = PBXTargetDependency;
			target = 04E5EAB328FD404F00A1D878 /* TestApp2 */;
			targetProxy = 04E5EAC528FD405000A1D878 /* PBXContainerItemProxy */;
		};
		04E5EAD028FD405000A1D878 /* PBXTargetDependency */ = {
			isa = PBXTargetDependency;
			target = 04E5EAB328FD404F00A1D878 /* TestApp2 */;
			targetProxy = 04E5EACF28FD405000A1D878 /* PBXContainerItemProxy */;
		};
/* End PBXTargetDependency section */

/* Begin XCBuildConfiguration section */
		04E5EAD628FD405000A1D878 /* Debug */ = {
			isa = XCBuildConfiguration;
			buildSettings = {
				ALWAYS_SEARCH_USER_PATHS = NO;
				CLANG_ANALYZER_NONNULL = YES;
				CLANG_ANALYZER_NUMBER_OBJECT_CONVERSION = YES_AGGRESSIVE;
				CLANG_CXX_LANGUAGE_STANDARD = "gnu++20";
				CLANG_ENABLE_MODULES = YES;
				CLANG_ENABLE_OBJC_ARC = YES;
				CLANG_ENABLE_OBJC_WEAK = YES;
				CLANG_WARN_BLOCK_CAPTURE_AUTORELEASING = YES;
				CLANG_WARN_BOOL_CONVERSION = YES;
				CLANG_WARN_COMMA = YES;
				CLANG_WARN_CONSTANT_CONVERSION = YES;
				CLANG_WARN_DEPRECATED_OBJC_IMPLEMENTATIONS = YES;
				CLANG_WARN_DIRECT_OBJC_ISA_USAGE = YES_ERROR;
				CLANG_WARN_DOCUMENTATION_COMMENTS = YES;
				CLANG_WARN_EMPTY_BODY = YES;
				CLANG_WARN_ENUM_CONVERSION = YES;
				CLANG_WARN_INFINITE_RECURSION = YES;
				CLANG_WARN_INT_CONVERSION = YES;
				CLANG_WARN_NON_LITERAL_NULL_CONVERSION = YES;
				CLANG_WARN_OBJC_IMPLICIT_RETAIN_SELF = YES;
				CLANG_WARN_OBJC_LITERAL_CONVERSION = YES;
				CLANG_WARN_OBJC_ROOT_CLASS = YES_ERROR;
				CLANG_WARN_QUOTED_INCLUDE_IN_FRAMEWORK_HEADER = YES;
				CLANG_WARN_RANGE_LOOP_ANALYSIS = YES;
				CLANG_WARN_STRICT_PROTOTYPES = YES;
				CLANG_WARN_SUSPICIOUS_MOVE = YES;
				CLANG_WARN_UNGUARDED_AVAILABILITY = YES_AGGRESSIVE;
				CLANG_WARN_UNREACHABLE_CODE = YES;
				CLANG_WARN__DUPLICATE_METHOD_MATCH = YES;
				COPY_PHASE_STRIP = NO;
				DEBUG_INFORMATION_FORMAT = dwarf;
				ENABLE_STRICT_OBJC_MSGSEND = YES;
				ENABLE_TESTABILITY = YES;
				GCC_C_LANGUAGE_STANDARD = gnu11;
				GCC_DYNAMIC_NO_PIC = NO;
				GCC_NO_COMMON_BLOCKS = YES;
				GCC_OPTIMIZATION_LEVEL = 0;
				GCC_PREPROCESSOR_DEFINITIONS = (
					"DEBUG=1",
					"$(inherited)",
				);
				GCC_WARN_64_TO_32_BIT_CONVERSION = YES;
				GCC_WARN_ABOUT_RETURN_TYPE = YES_ERROR;
				GCC_WARN_UNDECLARED_SELECTOR = YES;
				GCC_WARN_UNINITIALIZED_AUTOS = YES_AGGRESSIVE;
				GCC_WARN_UNUSED_FUNCTION = YES;
				GCC_WARN_UNUSED_VARIABLE = YES;
				IPHONEOS_DEPLOYMENT_TARGET = 16.0;
				MTL_ENABLE_DEBUG_INFO = INCLUDE_SOURCE;
				MTL_FAST_MATH = YES;
				ONLY_ACTIVE_ARCH = YES;
				SDKROOT = iphoneos;
				SWIFT_ACTIVE_COMPILATION_CONDITIONS = DEBUG;
				SWIFT_OPTIMIZATION_LEVEL = "-Onone";
			};
			name = Debug;
		};
		04E5EAD728FD405000A1D878 /* Release */ = {
			isa = XCBuildConfiguration;
			buildSettings = {
				ALWAYS_SEARCH_USER_PATHS = NO;
				CLANG_ANALYZER_NONNULL = YES;
				CLANG_ANALYZER_NUMBER_OBJECT_CONVERSION = YES_AGGRESSIVE;
				CLANG_CXX_LANGUAGE_STANDARD = "gnu++20";
				CLANG_ENABLE_MODULES = YES;
				CLANG_ENABLE_OBJC_ARC = YES;
				CLANG_ENABLE_OBJC_WEAK = YES;
				CLANG_WARN_BLOCK_CAPTURE_AUTORELEASING = YES;
				CLANG_WARN_BOOL_CONVERSION = YES;
				CLANG_WARN_COMMA = YES;
				CLANG_WARN_CONSTANT_CONVERSION = YES;
				CLANG_WARN_DEPRECATED_OBJC_IMPLEMENTATIONS = YES;
				CLANG_WARN_DIRECT_OBJC_ISA_USAGE = YES_ERROR;
				CLANG_WARN_DOCUMENTATION_COMMENTS = YES;
				CLANG_WARN_EMPTY_BODY = YES;
				CLANG_WARN_ENUM_CONVERSION = YES;
				CLANG_WARN_INFINITE_RECURSION = YES;
				CLANG_WARN_INT_CONVERSION = YES;
				CLANG_WARN_NON_LITERAL_NULL_CONVERSION = YES;
				CLANG_WARN_OBJC_IMPLICIT_RETAIN_SELF = YES;
				CLANG_WARN_OBJC_LITERAL_CONVERSION = YES;
				CLANG_WARN_OBJC_ROOT_CLASS = YES_ERROR;
				CLANG_WARN_QUOTED_INCLUDE_IN_FRAMEWORK_HEADER = YES;
				CLANG_WARN_RANGE_LOOP_ANALYSIS = YES;
				CLANG_WARN_STRICT_PROTOTYPES = YES;
				CLANG_WARN_SUSPICIOUS_MOVE = YES;
				CLANG_WARN_UNGUARDED_AVAILABILITY = YES_AGGRESSIVE;
				CLANG_WARN_UNREACHABLE_CODE = YES;
				CLANG_WARN__DUPLICATE_METHOD_MATCH = YES;
				COPY_PHASE_STRIP = NO;
				DEBUG_INFORMATION_FORMAT = "dwarf-with-dsym";
				ENABLE_NS_ASSERTIONS = NO;
				ENABLE_STRICT_OBJC_MSGSEND = YES;
				GCC_C_LANGUAGE_STANDARD = gnu11;
				GCC_NO_COMMON_BLOCKS = YES;
				GCC_WARN_64_TO_32_BIT_CONVERSION = YES;
				GCC_WARN_ABOUT_RETURN_TYPE = YES_ERROR;
				GCC_WARN_UNDECLARED_SELECTOR = YES;
				GCC_WARN_UNINITIALIZED_AUTOS = YES_AGGRESSIVE;
				GCC_WARN_UNUSED_FUNCTION = YES;
				GCC_WARN_UNUSED_VARIABLE = YES;
				IPHONEOS_DEPLOYMENT_TARGET = 16.0;
				MTL_ENABLE_DEBUG_INFO = NO;
				MTL_FAST_MATH = YES;
				SDKROOT = iphoneos;
				SWIFT_COMPILATION_MODE = wholemodule;
				SWIFT_OPTIMIZATION_LEVEL = "-O";
				VALIDATE_PRODUCT = YES;
			};
			name = Release;
		};
		04E5EAD928FD405000A1D878 /* Debug */ = {
			isa = XCBuildConfiguration;
			buildSettings = {
				ASSETCATALOG_COMPILER_APPICON_NAME = AppIcon;
				ASSETCATALOG_COMPILER_GLOBAL_ACCENT_COLOR_NAME = AccentColor;
				CODE_SIGN_STYLE = Automatic;
				CURRENT_PROJECT_VERSION = 1;
				DEVELOPMENT_ASSET_PATHS = "\"TestApp2/Preview Content\"";
				DEVELOPMENT_TEAM = FQJLMFAWS6;
				ENABLE_PREVIEWS = YES;
				GENERATE_INFOPLIST_FILE = YES;
				INFOPLIST_KEY_UIApplicationSceneManifest_Generation = YES;
				INFOPLIST_KEY_UIApplicationSupportsIndirectInputEvents = YES;
				INFOPLIST_KEY_UILaunchScreen_Generation = YES;
				INFOPLIST_KEY_UISupportedInterfaceOrientations_iPad = "UIInterfaceOrientationPortrait UIInterfaceOrientationPortraitUpsideDown UIInterfaceOrientationLandscapeLeft UIInterfaceOrientationLandscapeRight";
				INFOPLIST_KEY_UISupportedInterfaceOrientations_iPhone = "UIInterfaceOrientationPortrait UIInterfaceOrientationLandscapeLeft UIInterfaceOrientationLandscapeRight";
				LD_RUNPATH_SEARCH_PATHS = (
					"$(inherited)",
					"@executable_path/Frameworks",
				);
				MARKETING_VERSION = 1.0;
				PRODUCT_BUNDLE_IDENTIFIER = michele.TestApp2;
				PRODUCT_NAME = "$(TARGET_NAME)";
				SWIFT_EMIT_LOC_STRINGS = YES;
				SWIFT_VERSION = 5.0;
				TARGETED_DEVICE_FAMILY = "1,2";
			};
			name = Debug;
		};
		04E5EADA28FD405000A1D878 /* Release */ = {
			isa = XCBuildConfiguration;
			buildSettings = {
				ASSETCATALOG_COMPILER_APPICON_NAME = AppIcon;
				ASSETCATALOG_COMPILER_GLOBAL_ACCENT_COLOR_NAME = AccentColor;
				CODE_SIGN_STYLE = Automatic;
				CURRENT_PROJECT_VERSION = 1;
				DEVELOPMENT_ASSET_PATHS = "\"TestApp2/Preview Content\"";
				DEVELOPMENT_TEAM = FQJLMFAWS6;
				ENABLE_PREVIEWS = YES;
				GENERATE_INFOPLIST_FILE = YES;
				INFOPLIST_KEY_UIApplicationSceneManifest_Generation = YES;
				INFOPLIST_KEY_UIApplicationSupportsIndirectInputEvents = YES;
				INFOPLIST_KEY_UILaunchScreen_Generation = YES;
				INFOPLIST_KEY_UISupportedInterfaceOrientations_iPad = "UIInterfaceOrientationPortrait UIInterfaceOrientationPortraitUpsideDown UIInterfaceOrientationLandscapeLeft UIInterfaceOrientationLandscapeRight";
				INFOPLIST_KEY_UISupportedInterfaceOrientations_iPhone = "UIInterfaceOrientationPortrait UIInterfaceOrientationLandscapeLeft UIInterfaceOrientationLandscapeRight";
				LD_RUNPATH_SEARCH_PATHS = (
					"$(inherited)",
					"@executable_path/Frameworks",
				);
				MARKETING_VERSION = 1.0;
				PRODUCT_BUNDLE_IDENTIFIER = michele.TestApp2;
				PRODUCT_NAME = "$(TARGET_NAME)";
				SWIFT_EMIT_LOC_STRINGS = YES;
				SWIFT_VERSION = 5.0;
				TARGETED_DEVICE_FAMILY = "1,2";
			};
			name = Release;
		};
		04E5EADC28FD405000A1D878 /* Debug */ = {
			isa = XCBuildConfiguration;
			buildSettings = {
				ALWAYS_EMBED_SWIFT_STANDARD_LIBRARIES = YES;
				BUNDLE_LOADER = "$(TEST_HOST)";
				CODE_SIGN_STYLE = Automatic;
				CURRENT_PROJECT_VERSION = 1;
				GENERATE_INFOPLIST_FILE = YES;
				IPHONEOS_DEPLOYMENT_TARGET = 16.0;
				MARKETING_VERSION = 1.0;
				PRODUCT_BUNDLE_IDENTIFIER = michele.TestApp2Tests;
				PRODUCT_NAME = "$(TARGET_NAME)";
				SWIFT_EMIT_LOC_STRINGS = NO;
				SWIFT_VERSION = 5.0;
				TARGETED_DEVICE_FAMILY = "1,2";
				TEST_HOST = "$(BUILT_PRODUCTS_DIR)/TestApp2.app/$(BUNDLE_EXECUTABLE_FOLDER_PATH)/TestApp2";
			};
			name = Debug;
		};
		04E5EADD28FD405000A1D878 /* Release */ = {
			isa = XCBuildConfiguration;
			buildSettings = {
				ALWAYS_EMBED_SWIFT_STANDARD_LIBRARIES = YES;
				BUNDLE_LOADER = "$(TEST_HOST)";
				CODE_SIGN_STYLE = Automatic;
				CURRENT_PROJECT_VERSION = 1;
				GENERATE_INFOPLIST_FILE = YES;
				IPHONEOS_DEPLOYMENT_TARGET = 16.0;
				MARKETING_VERSION = 1.0;
				PRODUCT_BUNDLE_IDENTIFIER = michele.TestApp2Tests;
				PRODUCT_NAME = "$(TARGET_NAME)";
				SWIFT_EMIT_LOC_STRINGS = NO;
				SWIFT_VERSION = 5.0;
				TARGETED_DEVICE_FAMILY = "1,2";
				TEST_HOST = "$(BUILT_PRODUCTS_DIR)/TestApp2.app/$(BUNDLE_EXECUTABLE_FOLDER_PATH)/TestApp2";
			};
			name = Release;
		};
		04E5EADF28FD405000A1D878 /* Debug */ = {
			isa = XCBuildConfiguration;
			buildSettings = {
				ALWAYS_EMBED_SWIFT_STANDARD_LIBRARIES = YES;
				CODE_SIGN_STYLE = Automatic;
				CURRENT_PROJECT_VERSION = 1;
				GENERATE_INFOPLIST_FILE = YES;
				MARKETING_VERSION = 1.0;
				PRODUCT_BUNDLE_IDENTIFIER = michele.TestApp2UITests;
				PRODUCT_NAME = "$(TARGET_NAME)";
				SWIFT_EMIT_LOC_STRINGS = NO;
				SWIFT_VERSION = 5.0;
				TARGETED_DEVICE_FAMILY = "1,2";
				TEST_TARGET_NAME = TestApp2;
			};
			name = Debug;
		};
		04E5EAE028FD405000A1D878 /* Release */ = {
			isa = XCBuildConfiguration;
			buildSettings = {
				ALWAYS_EMBED_SWIFT_STANDARD_LIBRARIES = YES;
				CODE_SIGN_STYLE = Automatic;
				CURRENT_PROJECT_VERSION = 1;
				GENERATE_INFOPLIST_FILE = YES;
				MARKETING_VERSION = 1.0;
				PRODUCT_BUNDLE_IDENTIFIER = michele.TestApp2UITests;
				PRODUCT_NAME = "$(TARGET_NAME)";
				SWIFT_EMIT_LOC_STRINGS = NO;
				SWIFT_VERSION = 5.0;
				TARGETED_DEVICE_FAMILY = "1,2";
				TEST_TARGET_NAME = TestApp2;
			};
			name = Release;
		};
/* End XCBuildConfiguration section */

/* Begin XCConfigurationList section */
		04E5EAAF28FD404F00A1D878 /* Build configuration list for PBXProject "TestApp2" */ = {
			isa = XCConfigurationList;
			buildConfigurations = (
				04E5EAD628FD405000A1D878 /* Debug */,
				04E5EAD728FD405000A1D878 /* Release */,
			);
			defaultConfigurationIsVisible = 0;
			defaultConfigurationName = Release;
		};
		04E5EAD828FD405000A1D878 /* Build configuration list for PBXNativeTarget "TestApp2" */ = {
			isa = XCConfigurationList;
			buildConfigurations = (
				04E5EAD928FD405000A1D878 /* Debug */,
				04E5EADA28FD405000A1D878 /* Release */,
			);
			defaultConfigurationIsVisible = 0;
			defaultConfigurationName = Release;
		};
		04E5EADB28FD405000A1D878 /* Build configuration list for PBXNativeTarget "TestApp2Tests" */ = {
			isa = XCConfigurationList;
			buildConfigurations = (
				04E5EADC28FD405000A1D878 /* Debug */,
				04E5EADD28FD405000A1D878 /* Release */,
			);
			defaultConfigurationIsVisible = 0;
			defaultConfigurationName = Release;
		};
		04E5EADE28FD405000A1D878 /* Build configuration list for PBXNativeTarget "TestApp2UITests" */ = {
			isa = XCConfigurationList;
			buildConfigurations = (
				04E5EADF28FD405000A1D878 /* Debug */,
				04E5EAE028FD405000A1D878 /* Release */,
			);
			defaultConfigurationIsVisible = 0;
			defaultConfigurationName = Release;
		};
/* End XCConfigurationList section */
	};
	rootObject = 04E5EAAC28FD404F00A1D878 /* Project object */;
}
